Microsoft Visual Studio Solution File, Format Version 12.00
# Visual Studio Version 17
VisualStudioVersion = 17.0.31903.59
MinimumVisualStudioVersion = 10.0.40219.1
Project("{FAE04EC0-301F-11D3-BF4B-00C04F79EFBC}") = "TwitchLoop.Api", "TwitchLoop.Api/TwitchLoop.Api.csproj", "{C64D4E1B-AB4A-4A67-9D1C-6F7E9FD5E8E1}"
EndProject
Project("{FAE04EC0-301F-11D3-BF4B-00C04F79EFBC}") = "TwitchLoop.Core", "TwitchLoop.Core/TwitchLoop.Core.csproj", "{D1FEC64E-1F7D-4C2B-AF1E-5D31ADBAAA11}"
EndProject
Project("{FAE04EC0-301F-11D3-BF4B-00C04F79EFBC}") = "TwitchLoop.Infrastructure", "TwitchLoop.Infrastructure/TwitchLoop.Infrastructure.csproj", "{CF0F81D2-5A96-4B60-9C04-B5F0F44FCF89}"
EndProject
Project("{FAE04EC0-301F-11D3-BF4B-00C04F79EFBC}") = "TwitchLoop.Core.Tests", "..\\tests\\TwitchLoop.Core.Tests\\TwitchLoop.Core.Tests.csproj", "{E6A4D9C7-3C8D-4A4A-8BE5-53C4C3C2D1A0}"
EndProject
Global
  GlobalSection(SolutionConfigurationPlatforms) = preSolution
    Debug|Any CPU = Debug|Any CPU
    Release|Any CPU = Release|Any CPU
  EndGlobalSection
  GlobalSection(ProjectConfigurationPlatforms) = postSolution
    {C64D4E1B-AB4A-4A67-9D1C-6F7E9FD5E8E1}.Debug|Any CPU.ActiveCfg = Debug|Any CPU
    {C64D4E1B-AB4A-4A67-9D1C-6F7E9FD5E8E1}.Debug|Any CPU.Build.0 = Debug|Any CPU
    {C64D4E1B-AB4A-4A67-9D1C-6F7E9FD5E8E1}.Release|Any CPU.ActiveCfg = Release|Any CPU
    {C64D4E1B-AB4A-4A67-9D1C-6F7E9FD5E8E1}.Release|Any CPU.Build.0 = Release|Any CPU
    {CF0F81D2-5A96-4B60-9C04-B5F0F44FCF89}.Debug|Any CPU.ActiveCfg = Debug|Any CPU
    {CF0F81D2-5A96-4B60-9C04-B5F0F44FCF89}.Debug|Any CPU.Build.0 = Debug|Any CPU
    {CF0F81D2-5A96-4B60-9C04-B5F0F44FCF89}.Release|Any CPU.ActiveCfg = Release|Any CPU
    {CF0F81D2-5A96-4B60-9C04-B5F0F44FCF89}.Release|Any CPU.Build.0 = Release|Any CPU
    {D1FEC64E-1F7D-4C2B-AF1E-5D31ADBAAA11}.Debug|Any CPU.ActiveCfg = Debug|Any CPU
    {D1FEC64E-1F7D-4C2B-AF1E-5D31ADBAAA11}.Debug|Any CPU.Build.0 = Debug|Any CPU
    {D1FEC64E-1F7D-4C2B-AF1E-5D31ADBAAA11}.Release|Any CPU.ActiveCfg = Release|Any CPU
    {D1FEC64E-1F7D-4C2B-AF1E-5D31ADBAAA11}.Release|Any CPU.Build.0 = Release|Any CPU
    {E6A4D9C7-3C8D-4A4A-8BE5-53C4C3C2D1A0}.Debug|Any CPU.ActiveCfg = Debug|Any CPU
    {E6A4D9C7-3C8D-4A4A-8BE5-53C4C3C2D1A0}.Debug|Any CPU.Build.0 = Debug|Any CPU
    {E6A4D9C7-3C8D-4A4A-8BE5-53C4C3C2D1A0}.Release|Any CPU.ActiveCfg = Release|Any CPU
    {E6A4D9C7-3C8D-4A4A-8BE5-53C4C3C2D1A0}.Release|Any CPU.Build.0 = Release|Any CPU
  EndGlobalSection
EndGlobal
